
Microsoft Visual Studio Solution File, Format Version 12.00
# Visual Studio Version 17
VisualStudioVersion = 17.0.31903.59
MinimumVisualStudioVersion = 10.0.40219.1
Project("{2150E333-8FDC-42A3-9474-1A3956D46DE8}") = "src", "src", "{334BEFB1-6BB0-4383-80B2-0279693C484C}"
EndProject
Project("{2150E333-8FDC-42A3-9474-1A3956D46DE8}") = "tests", "tests", "{652433B3-2E79-4353-8026-F0C9D665F91C}"
EndProject
Project("{FAE04EC0-301F-11D3-BF4B-00C04F79EFBC}") = "MongoDB.Embedded.Tests", "tests\MongoDB.Embedded.Tests\MongoDB.Embedded.Tests.csproj", "{C482FA6A-9429-4E88-ACF5-CEC7EAAFF722}"
EndProject
Project("{FAE04EC0-301F-11D3-BF4B-00C04F79EFBC}") = "MongoDB.Embedded", "src\MongoDB.Embedded\MongoDB.Embedded.csproj", "{D1431332-EFC7-4781-92C5-6D0196D5EF40}"
EndProject
Global
	GlobalSection(SolutionConfigurationPlatforms) = preSolution
		Debug|Any CPU = Debug|Any CPU
		Release|Any CPU = Release|Any CPU
	EndGlobalSection
	GlobalSection(SolutionProperties) = preSolution
		HideSolutionNode = FALSE
	EndGlobalSection
	GlobalSection(ProjectConfigurationPlatforms) = postSolution
		{D1431332-EFC7-4781-92C5-6D0196D5EF40}.Debug|Any CPU.ActiveCfg = Debug|Any CPU
		{D1431332-EFC7-4781-92C5-6D0196D5EF40}.Debug|Any CPU.Build.0 = Debug|Any CPU
		{D1431332-EFC7-4781-92C5-6D0196D5EF40}.Release|Any CPU.ActiveCfg = Release|Any CPU
		{D1431332-EFC7-4781-92C5-6D0196D5EF40}.Release|Any CPU.Build.0 = Release|Any CPU
		{C482FA6A-9429-4E88-ACF5-CEC7EAAFF722}.Debug|Any CPU.ActiveCfg = Debug|Any CPU
		{C482FA6A-9429-4E88-ACF5-CEC7EAAFF722}.Debug|Any CPU.Build.0 = Debug|Any CPU
		{C482FA6A-9429-4E88-ACF5-CEC7EAAFF722}.Release|Any CPU.ActiveCfg = Release|Any CPU
		{C482FA6A-9429-4E88-ACF5-CEC7EAAFF722}.Release|Any CPU.Build.0 = Release|Any CPU
	EndGlobalSection
	GlobalSection(NestedProjects) = preSolution
		{D1431332-EFC7-4781-92C5-6D0196D5EF40} = {334BEFB1-6BB0-4383-80B2-0279693C484C}
		{C482FA6A-9429-4E88-ACF5-CEC7EAAFF722} = {652433B3-2E79-4353-8026-F0C9D665F91C}
	EndGlobalSection
EndGlobal
